
Microsoft Visual Studio Solution File, Format Version 12.00
# Visual Studio Version 17
VisualStudioVersion = 17.5.33502.453
MinimumVisualStudioVersion = 10.0.40219.1
Project("{888888A0-9F3D-457C-B088-3A5042F75D52}") = "Algo Lab-3", "Algo Lab-3\Algo Lab-3.pyproj", "{D110DCAF-ECE2-47A3-9970-802F75989D9C}"
EndProject
Global
	GlobalSection(SolutionConfigurationPlatforms) = preSolution
		Debug|Any CPU = Debug|Any CPU
		Release|Any CPU = Release|Any CPU
	EndGlobalSection
	GlobalSection(ProjectConfigurationPlatforms) = postSolution
		{D110DCAF-ECE2-47A3-9970-802F75989D9C}.Debug|Any CPU.ActiveCfg = Debug|Any CPU
		{D110DCAF-ECE2-47A3-9970-802F75989D9C}.Release|Any CPU.ActiveCfg = Release|Any CPU
	EndGlobalSection
	GlobalSection(SolutionProperties) = preSolution
		HideSolutionNode = FALSE
	EndGlobalSection
	GlobalSection(ExtensibilityGlobals) = postSolution
		SolutionGuid = {821B4B83-1C3B-4782-A291-D2385A642BD4}
	EndGlobalSection
EndGlobal
